
Microsoft Visual Studio Solution File, Format Version 12.00
# Visual Studio 15
VisualStudioVersion = 15.0.27428.1
MinimumVisualStudioVersion = 10.0.40219.1
Project("{888888A0-9F3D-457C-B088-3A5042F75D52}") = "WaveProcess", "WaveProcess.pyproj", "{BAF45CF0-21F4-4525-A065-FB2B44C16D88}"
EndProject
Global
	GlobalSection(SolutionConfigurationPlatforms) = preSolution
		Debug|Any CPU = Debug|Any CPU
		Release|Any CPU = Release|Any CPU
	EndGlobalSection
	GlobalSection(ProjectConfigurationPlatforms) = postSolution
		{BAF45CF0-21F4-4525-A065-FB2B44C16D88}.Debug|Any CPU.ActiveCfg = Debug|Any CPU
		{BAF45CF0-21F4-4525-A065-FB2B44C16D88}.Release|Any CPU.ActiveCfg = Release|Any CPU
	EndGlobalSection
	GlobalSection(SolutionProperties) = preSolution
		HideSolutionNode = FALSE
	EndGlobalSection
	GlobalSection(ExtensibilityGlobals) = postSolution
		SolutionGuid = {8318C84B-4C52-4785-8656-A4D23AAAB54C}
	EndGlobalSection
EndGlobal
